{
    "requires": true,
    "lockfileVersion": 1,
    "dependencies": {
        "@fancyapps/fancybox": {
            "version": "3.5.7",
            "resolved": "https://registry.npmjs.org/@fancyapps/fancybox/-/fancybox-3.5.7.tgz",
            "integrity": "sha512-rcEtu8t+WnmqIDV/Wfm1yvy/nDdwc7YV25j9HLxGC2/WOsUhk9rcWg2nB8g1BrjRt9zaoADdjHTU6ILYTJzBBg==",
            "dev": true
        },
        "dropzone": {
            "version": "5.5.1",
            "resolved": "https://registry.npmjs.org/dropzone/-/dropzone-5.5.1.tgz",
            "integrity": "sha512-3VduRWLxx9hbVr42QieQN25mx/I61/mRdUSuxAmDGdDqZIN8qtP7tcKMa3KfpJjuGjOJGYYUzzeq6eGDnkzesA==",
            "dev": true
        },
        "jquery": {
            "version": "3.4.1",
            "resolved": "https://registry.npmjs.org/jquery/-/jquery-3.4.1.tgz",
            "integrity": "sha512-36+AdBzCL+y6qjw5Tx7HgzeGCzC81MDDgaUP8ld2zhx58HdqXGoBd+tHdrBMiyjGQs0Hxs/MLZTu/eHNJJuWPw=="
        },
        "jstree": {
            "version": "3.3.8",
            "resolved": "https://registry.npmjs.org/jstree/-/jstree-3.3.8.tgz",
            "integrity": "sha512-0/nhGxVLSGfGQyVg+q59ocqSEKWRDKHoA8wNrcOIvlzCCw19tzvcMNGJ19hf+U0b7fycABowkny7fQPcLgUwwA==",
            "requires": {
                "jquery": ">=1.9.1"
            }
        }
    }
}
