{
    "requires": true,
    "lockfileVersion": 1,
    "dependencies": {
        "spectrum-colorpicker2": {
            "version": "2.0.0",
            "resolved": "https://registry.npmjs.org/spectrum-colorpicker2/-/spectrum-colorpicker2-2.0.0.tgz",
            "integrity": "sha512-kEgI1WYfR//LLbt8G+uoEjgDLHsp1ke6kdWS7xaBa2pFYcFEPswu6BFHDS28MnjzRjcdueEbZDqG8HedrrZqPQ=="
        }
    }
}
