{
    "requires": true,
    "lockfileVersion": 1,
    "dependencies": {
        "x-editable": {
            "version": "1.5.1",
            "resolved": "https://registry.npmjs.org/x-editable/-/x-editable-1.5.1.tgz",
            "integrity": "sha1-Ltu4kR7yxdYfY/BrDPAgvg/MWEk=",
            "dev": true
        }
    }
}
